
Microsoft Visual Studio Solution File, Format Version 12.00
# Visual Studio Version 16
VisualStudioVersion = 16.0.30717.126
MinimumVisualStudioVersion = 10.0.40219.1
Project("{9A19103F-16F7-4668-BE54-9A1E7A4F7556}") = "SportingSolutions.Udapi.Sdk", "SportingSolutions.Udapi.Sdk\SportingSolutions.Udapi.Sdk.csproj", "{A3C3DFC3-B70F-4A9A-9520-A4B656718250}"
EndProject
Project("{FAE04EC0-301F-11D3-BF4B-00C04F79EFBC}") = "SportingSolutions.Udapi.Sdk.StreamingExample.Console", "SportingSolutions.Udapi.Sdk.StreamingExample.Console\SportingSolutions.Udapi.Sdk.StreamingExample.Console.csproj", "{52C5FD02-6BF0-4F49-9813-5077BDACC41A}"
EndProject
Project("{FAE04EC0-301F-11D3-BF4B-00C04F79EFBC}") = "SportingSolutions.Udapi.Sdk.Tests", "SportingSolutions.Udapi.Sdk.Tests\SportingSolutions.Udapi.Sdk.Tests.csproj", "{70980C1B-D047-494E-93B0-FB8255667249}"
EndProject
Global
	GlobalSection(SolutionConfigurationPlatforms) = preSolution
		Debug|Any CPU = Debug|Any CPU
		Release|Any CPU = Release|Any CPU
	EndGlobalSection
	GlobalSection(ProjectConfigurationPlatforms) = postSolution
		{A3C3DFC3-B70F-4A9A-9520-A4B656718250}.Debug|Any CPU.ActiveCfg = Debug|Any CPU
		{A3C3DFC3-B70F-4A9A-9520-A4B656718250}.Debug|Any CPU.Build.0 = Debug|Any CPU
		{A3C3DFC3-B70F-4A9A-9520-A4B656718250}.Release|Any CPU.ActiveCfg = Release|Any CPU
		{A3C3DFC3-B70F-4A9A-9520-A4B656718250}.Release|Any CPU.Build.0 = Release|Any CPU
		{52C5FD02-6BF0-4F49-9813-5077BDACC41A}.Debug|Any CPU.ActiveCfg = Debug|x86
		{52C5FD02-6BF0-4F49-9813-5077BDACC41A}.Release|Any CPU.ActiveCfg = Release|x86
		{52C5FD02-6BF0-4F49-9813-5077BDACC41A}.Release|Any CPU.Build.0 = Release|x86
		{70980C1B-D047-494E-93B0-FB8255667249}.Debug|Any CPU.ActiveCfg = Debug|Any CPU
		{70980C1B-D047-494E-93B0-FB8255667249}.Debug|Any CPU.Build.0 = Debug|Any CPU
		{70980C1B-D047-494E-93B0-FB8255667249}.Release|Any CPU.ActiveCfg = Release|Any CPU
		{70980C1B-D047-494E-93B0-FB8255667249}.Release|Any CPU.Build.0 = Release|Any CPU
	EndGlobalSection
	GlobalSection(SolutionProperties) = preSolution
		HideSolutionNode = FALSE
	EndGlobalSection
	GlobalSection(ExtensibilityGlobals) = postSolution
		SolutionGuid = {1BA95CA6-DC78-48AB-AB46-693987730F5E}
	EndGlobalSection
EndGlobal
